
Microsoft Visual Studio Solution File, Format Version 12.00
# Visual Studio Version 17
VisualStudioVersion = 17.5.002.0
MinimumVisualStudioVersion = 10.0.40219.1
Project("{9A19103F-16F7-4668-BE54-9A1E7A4F7556}") = "task1", "task1\task1.csproj", "{0DBE768F-3EBC-4B81-9FBE-9F01F60B3511}"
EndProject
Project("{9A19103F-16F7-4668-BE54-9A1E7A4F7556}") = "task10", "task10\task10.csproj", "{3817FC44-542B-4D1A-9995-0DF85A668EDE}"
EndProject
Project("{9A19103F-16F7-4668-BE54-9A1E7A4F7556}") = "task2", "task2\task2.csproj", "{C6121C95-6F6E-47B1-A4AE-633B3F2A9EB6}"
EndProject
Project("{9A19103F-16F7-4668-BE54-9A1E7A4F7556}") = "task3", "task3\task3.csproj", "{03FDB62B-01BF-4FF7-9E69-7663F8AABB0B}"
EndProject
Project("{9A19103F-16F7-4668-BE54-9A1E7A4F7556}") = "task4", "task4\task4.csproj", "{DC6EF32B-4F42-40D1-87B0-E74789F74827}"
EndProject
Project("{9A19103F-16F7-4668-BE54-9A1E7A4F7556}") = "task5", "task5\task5.csproj", "{B16AFDF3-A04B-426B-B99C-AE2C8799A0B2}"
EndProject
Project("{9A19103F-16F7-4668-BE54-9A1E7A4F7556}") = "task6", "task6\task6.csproj", "{558F7764-5D07-4190-8005-6F44D571713D}"
EndProject
Project("{9A19103F-16F7-4668-BE54-9A1E7A4F7556}") = "task7", "task7\task7.csproj", "{842DB769-3C42-4FC4-BD31-A19B8015DBFD}"
EndProject
Project("{9A19103F-16F7-4668-BE54-9A1E7A4F7556}") = "task8", "task8\task8.csproj", "{E34AD6D2-D470-4721-8213-D166F5080C7D}"
EndProject
Project("{9A19103F-16F7-4668-BE54-9A1E7A4F7556}") = "task9", "task9\task9.csproj", "{2966BF32-8511-4D58-ACD1-6E091AECADB8}"
EndProject
Global
	GlobalSection(SolutionConfigurationPlatforms) = preSolution
		Debug|Any CPU = Debug|Any CPU
		Release|Any CPU = Release|Any CPU
	EndGlobalSection
	GlobalSection(ProjectConfigurationPlatforms) = postSolution
		{0DBE768F-3EBC-4B81-9FBE-9F01F60B3511}.Debug|Any CPU.ActiveCfg = Debug|Any CPU
		{0DBE768F-3EBC-4B81-9FBE-9F01F60B3511}.Debug|Any CPU.Build.0 = Debug|Any CPU
		{0DBE768F-3EBC-4B81-9FBE-9F01F60B3511}.Release|Any CPU.ActiveCfg = Release|Any CPU
		{0DBE768F-3EBC-4B81-9FBE-9F01F60B3511}.Release|Any CPU.Build.0 = Release|Any CPU
		{3817FC44-542B-4D1A-9995-0DF85A668EDE}.Debug|Any CPU.ActiveCfg = Debug|Any CPU
		{3817FC44-542B-4D1A-9995-0DF85A668EDE}.Debug|Any CPU.Build.0 = Debug|Any CPU
		{3817FC44-542B-4D1A-9995-0DF85A668EDE}.Release|Any CPU.ActiveCfg = Release|Any CPU
		{3817FC44-542B-4D1A-9995-0DF85A668EDE}.Release|Any CPU.Build.0 = Release|Any CPU
		{C6121C95-6F6E-47B1-A4AE-633B3F2A9EB6}.Debug|Any CPU.ActiveCfg = Debug|Any CPU
		{C6121C95-6F6E-47B1-A4AE-633B3F2A9EB6}.Debug|Any CPU.Build.0 = Debug|Any CPU
		{C6121C95-6F6E-47B1-A4AE-633B3F2A9EB6}.Release|Any CPU.ActiveCfg = Release|Any CPU
		{C6121C95-6F6E-47B1-A4AE-633B3F2A9EB6}.Release|Any CPU.Build.0 = Release|Any CPU
		{03FDB62B-01BF-4FF7-9E69-7663F8AABB0B}.Debug|Any CPU.ActiveCfg = Debug|Any CPU
		{03FDB62B-01BF-4FF7-9E69-7663F8AABB0B}.Debug|Any CPU.Build.0 = Debug|Any CPU
		{03FDB62B-01BF-4FF7-9E69-7663F8AABB0B}.Release|Any CPU.ActiveCfg = Release|Any CPU
		{03FDB62B-01BF-4FF7-9E69-7663F8AABB0B}.Release|Any CPU.Build.0 = Release|Any CPU
		{DC6EF32B-4F42-40D1-87B0-E74789F74827}.Debug|Any CPU.ActiveCfg = Debug|Any CPU
		{DC6EF32B-4F42-40D1-87B0-E74789F74827}.Debug|Any CPU.Build.0 = Debug|Any CPU
		{DC6EF32B-4F42-40D1-87B0-E74789F74827}.Release|Any CPU.ActiveCfg = Release|Any CPU
		{DC6EF32B-4F42-40D1-87B0-E74789F74827}.Release|Any CPU.Build.0 = Release|Any CPU
		{B16AFDF3-A04B-426B-B99C-AE2C8799A0B2}.Debug|Any CPU.ActiveCfg = Debug|Any CPU
		{B16AFDF3-A04B-426B-B99C-AE2C8799A0B2}.Debug|Any CPU.Build.0 = Debug|Any CPU
		{B16AFDF3-A04B-426B-B99C-AE2C8799A0B2}.Release|Any CPU.ActiveCfg = Release|Any CPU
		{B16AFDF3-A04B-426B-B99C-AE2C8799A0B2}.Release|Any CPU.Build.0 = Release|Any CPU
		{558F7764-5D07-4190-8005-6F44D571713D}.Debug|Any CPU.ActiveCfg = Debug|Any CPU
		{558F7764-5D07-4190-8005-6F44D571713D}.Debug|Any CPU.Build.0 = Debug|Any CPU
		{558F7764-5D07-4190-8005-6F44D571713D}.Release|Any CPU.ActiveCfg = Release|Any CPU
		{558F7764-5D07-4190-8005-6F44D571713D}.Release|Any CPU.Build.0 = Release|Any CPU
		{842DB769-3C42-4FC4-BD31-A19B8015DBFD}.Debug|Any CPU.ActiveCfg = Debug|Any CPU
		{842DB769-3C42-4FC4-BD31-A19B8015DBFD}.Debug|Any CPU.Build.0 = Debug|Any CPU
		{842DB769-3C42-4FC4-BD31-A19B8015DBFD}.Release|Any CPU.ActiveCfg = Release|Any CPU
		{842DB769-3C42-4FC4-BD31-A19B8015DBFD}.Release|Any CPU.Build.0 = Release|Any CPU
		{E34AD6D2-D470-4721-8213-D166F5080C7D}.Debug|Any CPU.ActiveCfg = Debug|Any CPU
		{E34AD6D2-D470-4721-8213-D166F5080C7D}.Debug|Any CPU.Build.0 = Debug|Any CPU
		{E34AD6D2-D470-4721-8213-D166F5080C7D}.Release|Any CPU.ActiveCfg = Release|Any CPU
		{E34AD6D2-D470-4721-8213-D166F5080C7D}.Release|Any CPU.Build.0 = Release|Any CPU
		{2966BF32-8511-4D58-ACD1-6E091AECADB8}.Debug|Any CPU.ActiveCfg = Debug|Any CPU
		{2966BF32-8511-4D58-ACD1-6E091AECADB8}.Debug|Any CPU.Build.0 = Debug|Any CPU
		{2966BF32-8511-4D58-ACD1-6E091AECADB8}.Release|Any CPU.ActiveCfg = Release|Any CPU
		{2966BF32-8511-4D58-ACD1-6E091AECADB8}.Release|Any CPU.Build.0 = Release|Any CPU
	EndGlobalSection
	GlobalSection(SolutionProperties) = preSolution
		HideSolutionNode = FALSE
	EndGlobalSection
	GlobalSection(ExtensibilityGlobals) = postSolution
		SolutionGuid = {71F6E113-672B-44E2-A32B-6CA83E1CBF9B}
	EndGlobalSection
EndGlobal
